<?xml version="1.0" encoding="UTF-8"?>
<CONFIG>
  <ProjectOptions>
    <Version Value="12"/>
    <PathDelim Value="\"/>
    <General>
      <SessionStorage Value="InProjectDir"/>
      <Title Value="ovom3u"/>
      <Scaled Value="True"/>
      <ResourceType Value="res"/>
      <UseXPManifest Value="True"/>
      <XPManifest>
        <DpiAware Value="True"/>
        <TextName Value="OvoM3U"/>
        <TextDesc Value="A Simple IPTV player"/>
      </XPManifest>
      <Icon Value="0"/>
      <Resources Count="3">
        <Resource_0 FileName="images/empty.png" Type="RCDATA" ResourceName="OVOIMG://EMPTY.PNG"/>
        <Resource_1 FileName="images/no-logo.png" Type="RCDATA" ResourceName="OVOIMG://NO-LOGO.PNG"/>
        <Resource_2 FileName="images/logo.png" Type="RCDATA" ResourceName="OVOIMG://LOGO.PNG"/>
      </Resources>
    </General>
    <i18n>
      <EnableI18N Value="True"/>
      <OutDir Value="language"/>
    </i18n>
    <VersionInfo>
      <UseVersionInfo Value="True"/>
      <RevisionNr Value="1"/>
      <Attributes pvaPreRelease="True" pvaPrivateBuild="True"/>
      <StringTable CompanyName="Marco Caselli" FileDescription="A simple IPTV player"/>
    </VersionInfo>
    <BuildModes>
      <Item Name="Debug" Default="True"/>
      <Item Name="Release">
        <CompilerOptions>
          <Version Value="11"/>
          <PathDelim Value="\"/>
          <Target>
            <Filename Value="..\bin\ovom3u"/>
          </Target>
          <SearchPaths>
            <IncludeFiles Value="$(ProjOutDir)"/>
            <OtherUnitFiles Value="cec;mmkeys"/>
            <UnitOutputDirectory Value="lib\$(TargetCPU)-$(TargetOS)"/>
          </SearchPaths>
          <Parsing>
            <SyntaxOptions>
              <CPPInline Value="False"/>
            </SyntaxOptions>
          </Parsing>
          <CodeGeneration>
            <SmartLinkUnit Value="True"/>
            <RelocatableUnit Value="True"/>
            <Optimizations>
              <OptimizationLevel Value="3"/>
            </Optimizations>
          </CodeGeneration>
          <Linking>
            <Debugging>
              <GenerateDebugInfo Value="False"/>
              <StripSymbols Value="True"/>
            </Debugging>
            <LinkSmart Value="True"/>
            <Options>
              <Win32>
                <GraphicApplication Value="True"/>
              </Win32>
            </Options>
          </Linking>
          <Other>
            <CompilerMessages>
              <IgnoredMessages idx5024="True"/>
            </CompilerMessages>
          </Other>
        </CompilerOptions>
      </Item>
      <Item Name="Debug1">
        <CompilerOptions>
          <Version Value="11"/>
          <PathDelim Value="\"/>
          <Target>
            <Filename Value="bin\ovom3u"/>
          </Target>
          <SearchPaths>
            <IncludeFiles Value="$(ProjOutDir)"/>
            <OtherUnitFiles Value="cec"/>
            <UnitOutputDirectory Value="lib\$(TargetCPU)-$(TargetOS)"/>
          </SearchPaths>
          <Parsing>
            <SyntaxOptions>
              <IncludeAssertionCode Value="True"/>
              <CPPInline Value="False"/>
            </SyntaxOptions>
          </Parsing>
          <CodeGeneration>
            <RelocatableUnit Value="True"/>
            <Checks>
              <IOChecks Value="True"/>
              <RangeChecks Value="True"/>
              <OverflowChecks Value="True"/>
              <StackChecks Value="True"/>
            </Checks>
            <VerifyObjMethodCallValidity Value="True"/>
          </CodeGeneration>
          <Linking>
            <Debugging>
              <DebugInfoType Value="dsDwarf3"/>
              <UseHeaptrc Value="True"/>
              <TrashVariables Value="True"/>
            </Debugging>
            <Options>
              <Win32>
                <GraphicApplication Value="True"/>
              </Win32>
            </Options>
          </Linking>
        </CompilerOptions>
      </Item>
      <SharedMatrixOptions Count="3">
        <Item1 ID="011836363148" Type="IDEMacro" MacroName="LCLWidgetType" Value="gtk2"/>
        <Item2 ID="701883486244" Type="IDEMacro" MacroName="LCLWidgetType" Value="customdrawn"/>
        <Item3 ID="668489613945" Type="IDEMacro" MacroName="LCLWidgetType" Value="qt5"/>
      </SharedMatrixOptions>
    </BuildModes>
    <PublishOptions>
      <Version Value="2"/>
      <UseFileFilters Value="True"/>
    </PublishOptions>
    <RunParams>
      <FormatVersion Value="2"/>
    </RunParams>
    <RequiredPackages>
      <Item>
        <PackageName Value="FCL"/>
      </Item>
      <Item>
        <PackageName Value="SQLDBLaz"/>
      </Item>
      <Item>
        <PackageName Value="lazmouseandkeyinput"/>
      </Item>
      <Item>
        <PackageName Value="LazOpenGLContext"/>
      </Item>
      <Item>
        <PackageName Value="LCL"/>
      </Item>
    </RequiredPackages>
    <Units>
      <Unit>
        <Filename Value="ovom3u.lpr"/>
        <IsPartOfProject Value="True"/>
      </Unit>
      <Unit>
        <Filename Value="umain.pas"/>
        <IsPartOfProject Value="True"/>
        <ComponentName Value="fPlayer"/>
        <HasResources Value="True"/>
        <ResourceBaseClass Value="Form"/>
      </Unit>
      <Unit>
        <Filename Value="um3uloader.pas"/>
        <IsPartOfProject Value="True"/>
      </Unit>
      <Unit>
        <Filename Value="mpv_engine.pas"/>
        <IsPartOfProject Value="True"/>
        <UnitName Value="MPV_Engine"/>
      </Unit>
      <Unit>
        <Filename Value="config.pas"/>
        <IsPartOfProject Value="True"/>
        <UnitName Value="Config"/>
      </Unit>
      <Unit>
        <Filename Value="jsontools.pas"/>
        <IsPartOfProject Value="True"/>
        <UnitName Value="JsonTools"/>
      </Unit>
      <Unit>
        <Filename Value="uconfig.pas"/>
        <IsPartOfProject Value="True"/>
        <ComponentName Value="fConfig"/>
        <HasResources Value="True"/>
        <ResourceBaseClass Value="Form"/>
      </Unit>
      <Unit>
        <Filename Value="epg.pas"/>
        <IsPartOfProject Value="True"/>
      </Unit>
      <Unit>
        <Filename Value="generalfunc.pas"/>
        <IsPartOfProject Value="True"/>
        <UnitName Value="GeneralFunc"/>
      </Unit>
      <Unit>
        <Filename Value="umydialog.pas"/>
        <IsPartOfProject Value="True"/>
        <ComponentName Value="MyDialog"/>
        <HasResources Value="True"/>
        <ResourceBaseClass Value="Form"/>
        <UnitName Value="uMyDialog"/>
      </Unit>
      <Unit>
        <Filename Value="uepgform.pas"/>
        <IsPartOfProject Value="True"/>
        <ComponentName Value="EPGForm"/>
        <HasResources Value="True"/>
        <ResourceBaseClass Value="Form"/>
        <UnitName Value="uEPGForm"/>
      </Unit>
      <Unit>
        <Filename Value="libmpv.pas"/>
        <IsPartOfProject Value="True"/>
      </Unit>
      <Unit>
        <Filename Value="loggerunit.pas"/>
        <IsPartOfProject Value="True"/>
        <UnitName Value="LoggerUnit"/>
      </Unit>
      <Unit>
        <Filename Value="appconsts.pas"/>
        <IsPartOfProject Value="True"/>
        <UnitName Value="AppConsts"/>
      </Unit>
      <Unit>
        <Filename Value="renderer.pas"/>
        <IsPartOfProject Value="True"/>
        <UnitName Value="Renderer"/>
      </Unit>
      <Unit>
        <Filename Value="uchannels.pas"/>
        <IsPartOfProject Value="True"/>
        <ComponentName Value="fChannels"/>
        <HasResources Value="True"/>
        <ResourceBaseClass Value="Form"/>
        <UnitName Value="uChannels"/>
      </Unit>
      <Unit>
        <Filename Value="ubackend.pas"/>
        <IsPartOfProject Value="True"/>
        <UnitName Value="uBackEnd"/>
      </Unit>
      <Unit>
        <Filename Value="cec\cec.pas"/>
        <IsPartOfProject Value="True"/>
      </Unit>
      <Unit>
        <Filename Value="cec\cec_intf.pas"/>
        <IsPartOfProject Value="True"/>
      </Unit>
      <Unit>
        <Filename Value="mmkeys\multimediakeys.pas"/>
        <IsPartOfProject Value="True"/>
        <UnitName Value="MultimediaKeys"/>
      </Unit>
      <Unit>
        <Filename Value="ulogviewer.pas"/>
        <IsPartOfProject Value="True"/>
        <ComponentName Value="fLogViewer"/>
        <HasResources Value="True"/>
        <ResourceBaseClass Value="Form"/>
        <UnitName Value="uLogViewer"/>
      </Unit>
      <Unit>
        <Filename Value="ulistadd.pas"/>
        <IsPartOfProject Value="True"/>
        <ComponentName Value="fListAdd"/>
        <HasResources Value="True"/>
        <ResourceBaseClass Value="Form"/>
        <UnitName Value="uListAdd"/>
      </Unit>
      <Unit>
        <Filename Value="uhint.pas"/>
        <IsPartOfProject Value="True"/>
        <ComponentName Value="ChannelHintForm"/>
        <HasResources Value="True"/>
        <ResourceBaseClass Value="Form"/>
      </Unit>
      <Unit>
        <Filename Value="images_handler.pas"/>
        <IsPartOfProject Value="True"/>
      </Unit>
    </Units>
  </ProjectOptions>
  <CompilerOptions>
    <Version Value="11"/>
    <PathDelim Value="\"/>
    <Target>
      <Filename Value="..\bin\ovom3u"/>
    </Target>
    <SearchPaths>
      <IncludeFiles Value="$(ProjOutDir)"/>
      <OtherUnitFiles Value="cec;mmkeys"/>
      <UnitOutputDirectory Value="lib\$(TargetCPU)-$(TargetOS)"/>
    </SearchPaths>
    <Parsing>
      <SyntaxOptions>
        <IncludeAssertionCode Value="True"/>
        <CPPInline Value="False"/>
      </SyntaxOptions>
    </Parsing>
    <CodeGeneration>
      <RelocatableUnit Value="True"/>
      <Checks>
        <IOChecks Value="True"/>
        <RangeChecks Value="True"/>
        <OverflowChecks Value="True"/>
        <StackChecks Value="True"/>
      </Checks>
      <VerifyObjMethodCallValidity Value="True"/>
    </CodeGeneration>
    <Linking>
      <Debugging>
        <DebugInfoType Value="dsDwarf3"/>
        <UseHeaptrc Value="True"/>
        <TrashVariables Value="True"/>
      </Debugging>
      <Options>
        <Win32>
          <GraphicApplication Value="True"/>
        </Win32>
      </Options>
    </Linking>
  </CompilerOptions>
  <Debugging>
    <Exceptions>
      <Item>
        <Name Value="EAbort"/>
      </Item>
      <Item>
        <Name Value="ECodetoolError"/>
      </Item>
      <Item>
        <Name Value="EFOpenError"/>
      </Item>
    </Exceptions>
  </Debugging>
</CONFIG>
